github.com/deckarep/golang-set/v2 v2.1.0 h1:g47V4Or+DUdzbs8FxCCmgb6VYd+ptPAngjM6dtGktsI=
github.com/deckarep/golang-set/v2 v2.1.0/go.mod h1:VAky9rY/yGXJOLEDv3OMci+7wtDpOF4IN+y82NBOac4=
github.com/halimath/expect-go v0.0.0-20220723191341-58eee45d2f27 h1:8+FhfaZeWvL8RxgOcfHIxYbnQMeFfM2u6nCWrfEz9L4=
github.com/halimath/expect-go v0.0.0-20220723191341-58eee45d2f27/go.mod h1:dPhpqW+qRVgNwCJ0ih8AQGbNLayhJiq+3pihyJ0bp2E=
github.com/halimath/expect-go v0.0.0-20220723194445-8068979cc981 h1:GkJwLxSOZ4Q6zWZlMcRivARfgmVidkdswBpzaOrKn/U=
github.com/halimath/expect-go v0.0.0-20220723194445-8068979cc981/go.mod h1:dPhpqW+qRVgNwCJ0ih8AQGbNLayhJiq+3pihyJ0bp2E=
github.com/halimath/expect-go v0.0.0-20220723200846-0dca6d48d634 h1:e3C3lIIUJRJoTqJiuTasTQ6QPhs8X1pU0DtEDCarxkM=
github.com/halimath/expect-go v0.0.0-20220723200846-0dca6d48d634/go.mod h1:dPhpqW+qRVgNwCJ0ih8AQGbNLayhJiq+3pihyJ0bp2E=
github.com/halimath/expect-go v0.0.0-20220727184615-2e9d5b7d7c9c h1:ZuCV7rC+BiEHdCPczZX2BBHqCutfEeR+WfM+/fTVaUQ=
github.com/halimath/expect-go v0.0.0-20220727184615-2e9d5b7d7c9c/go.mod h1:aL/pnkIZ0ErRi/Y3VBRAQb7dZqelI75L21OULUFtgf0=
